// !$*UTF8*$!
{
	archiveVersion = 1;
	classes = {
	};
	objectVersion = 77;
	objects = {

/* Begin PBXBuildFile section */
		CB7E26B42D7469E1007D642B /* Alamofire in Frameworks */ = {isa = PBXBuildFile; productRef = CB7E26B32D7469E1007D642B /* Alamofire */; };
/* End PBXBuildFile section */

/* Begin PBXContainerItemProxy section */
		CB7E26962D7469C1007D642B /* PBXContainerItemProxy */ = {
			isa = PBXContainerItemProxy;
			containerPortal = CB7E267D2D7469C0007D642B /* Project object */;
			proxyType = 1;
			remoteGlobalIDString = CB7E26842D7469C0007D642B;
			remoteInfo = Alamo;
		};
		CB7E26A02D7469C1007D642B /* PBXContainerItemProxy */ = {
			isa = PBXContainerItemProxy;
			containerPortal = CB7E267D2D7469C0007D642B /* Project object */;
			proxyType = 1;
			remoteGlobalIDString = CB7E26842D7469C0007D642B;
			remoteInfo = Alamo;
		};
/* End PBXContainerItemProxy section */

/* Begin PBXFileReference section */
		CB7E26852D7469C0007D642B /* Alamo.app */ = {isa = PBXFileReference; explicitFileType = wrapper.application; includeInIndex = 0; path = Alamo.app; sourceTree = BUILT_PRODUCTS_DIR; };
		CB7E26952D7469C1007D642B /* AlamoTests.xctest */ = {isa = PBXFileReference; explicitFileType = wrapper.cfbundle; includeInIndex = 0; path = AlamoTests.xctest; sourceTree = BUILT_PRODUCTS_DIR; };
		CB7E269F2D7469C1007D642B /* AlamoUITests.xctest */ = {isa = PBXFileReference; explicitFileType = wrapper.cfbundle; includeInIndex = 0; path = AlamoUITests.xctest; sourceTree = BUILT_PRODUCTS_DIR; };
/* End PBXFileReference section */

/* Begin PBXFileSystemSynchronizedBuildFileExceptionSet section */
		CB7E26B62D74879A007D642B /* Exceptions for "Alamo" folder in "Alamo" target */ = {
			isa = PBXFileSystemSynchronizedBuildFileExceptionSet;
			membershipExceptions = (
				Info.plist,
			);
			target = CB7E26842D7469C0007D642B /* Alamo */;
		};
/* End PBXFileSystemSynchronizedBuildFileExceptionSet section */

/* Begin PBXFileSystemSynchronizedRootGroup section */
		CB7E26872D7469C0007D642B /* Alamo */ = {
			isa = PBXFileSystemSynchronizedRootGroup;
			exceptions = (
				CB7E26B62D74879A007D642B /* Exceptions for "Alamo" folder in "Alamo" target */,
			);
			path = Alamo;
			sourceTree = "<group>";
		};
		CB7E26982D7469C1007D642B /* AlamoTests */ = {
			isa = PBXFileSystemSynchronizedRootGroup;
			path = AlamoTests;
			sourceTree = "<group>";
		};
		CB7E26A22D7469C1007D642B /* AlamoUITests */ = {
			isa = PBXFileSystemSynchronizedRootGroup;
			path = AlamoUITests;
			sourceTree = "<group>";
		};
/* End PBXFileSystemSynchronizedRootGroup section */

/* Begin PBXFrameworksBuildPhase section */
		CB7E26822D7469C0007D642B /* Frameworks */ = {
			isa = PBXFrameworksBuildPhase;
			buildActionMask = 2147483647;
			files = (
				CB7E26B42D7469E1007D642B /* Alamofire in Frameworks */,
			);
			runOnlyForDeploymentPostprocessing = 0;
		};
		CB7E26922D7469C1007D642B /* Frameworks */ = {
			isa = PBXFrameworksBuildPhase;
			buildActionMask = 2147483647;
			files = (
			);
			runOnlyForDeploymentPostprocessing = 0;
		};
		CB7E269C2D7469C1007D642B /* Frameworks */ = {
			isa = PBXFrameworksBuildPhase;
			buildActionMask = 2147483647;
			files = (
			);
			runOnlyForDeploymentPostprocessing = 0;
		};
/* End PBXFrameworksBuildPhase section */

/* Begin PBXGroup section */
		CB7E267C2D7469C0007D642B = {
			isa = PBXGroup;
			children = (
				CB7E26872D7469C0007D642B /* Alamo */,
				CB7E26982D7469C1007D642B /* AlamoTests */,
				CB7E26A22D7469C1007D642B /* AlamoUITests */,
				CB7E26862D7469C0007D642B /* Products */,
			);
			sourceTree = "<group>";
		};
		CB7E26862D7469C0007D642B /* Products */ = {
			isa = PBXGroup;
			children = (
				CB7E26852D7469C0007D642B /* Alamo.app */,
				CB7E26952D7469C1007D642B /* AlamoTests.xctest */,
				CB7E269F2D7469C1007D642B /* AlamoUITests.xctest */,
			);
			name = Products;
			sourceTree = "<group>";
		};
/* End PBXGroup section */

/* Begin PBXNativeTarget section */
		CB7E26842D7469C0007D642B /* Alamo */ = {
			isa = PBXNativeTarget;
			buildConfigurationList = CB7E26A92D7469C1007D642B /* Build configuration list for PBXNativeTarget "Alamo" */;
			buildPhases = (
				CB7E26812D7469C0007D642B /* Sources */,
				CB7E26822D7469C0007D642B /* Frameworks */,
				CB7E26832D7469C0007D642B /* Resources */,
			);
			buildRules = (
			);
			dependencies = (
			);
			fileSystemSynchronizedGroups = (
				CB7E26872D7469C0007D642B /* Alamo */,
			);
			name = Alamo;
			packageProductDependencies = (
				CB7E26B32D7469E1007D642B /* Alamofire */,
			);
			productName = Alamo;
			productReference = CB7E26852D7469C0007D642B /* Alamo.app */;
			productType = "com.apple.product-type.application";
		};
		CB7E26942D7469C1007D642B /* AlamoTests */ = {
			isa = PBXNativeTarget;
			buildConfigurationList = CB7E26AC2D7469C1007D642B /* Build configuration list for PBXNativeTarget "AlamoTests" */;
			buildPhases = (
				CB7E26912D7469C1007D642B /* Sources */,
				CB7E26922D7469C1007D642B /* Frameworks */,
				CB7E26932D7469C1007D642B /* Resources */,
			);
			buildRules = (
			);
			dependencies = (
				CB7E26972D7469C1007D642B /* PBXTargetDependency */,
			);
			fileSystemSynchronizedGroups = (
				CB7E26982D7469C1007D642B /* AlamoTests */,
			);
			name = AlamoTests;
			packageProductDependencies = (
			);
			productName = AlamoTests;
			productReference = CB7E26952D7469C1007D642B /* AlamoTests.xctest */;
			productType = "com.apple.product-type.bundle.unit-test";
		};
		CB7E269E2D7469C1007D642B /* AlamoUITests */ = {
			isa = PBXNativeTarget;
			buildConfigurationList = CB7E26AF2D7469C1007D642B /* Build configuration list for PBXNativeTarget "AlamoUITests" */;
			buildPhases = (
				CB7E269B2D7469C1007D642B /* Sources */,
				CB7E269C2D7469C1007D642B /* Frameworks */,
				CB7E269D2D7469C1007D642B /* Resources */,
			);
			buildRules = (
			);
			dependencies = (
				CB7E26A12D7469C1007D642B /* PBXTargetDependency */,
			);
			fileSystemSynchronizedGroups = (
				CB7E26A22D7469C1007D642B /* AlamoUITests */,
			);
			name = AlamoUITests;
			packageProductDependencies = (
			);
			productName = AlamoUITests;
			productReference = CB7E269F2D7469C1007D642B /* AlamoUITests.xctest */;
			productType = "com.apple.product-type.bundle.ui-testing";
		};
/* End PBXNativeTarget section */

/* Begin PBXProject section */
		CB7E267D2D7469C0007D642B /* Project object */ = {
			isa = PBXProject;
			attributes = {
				BuildIndependentTargetsInParallel = 1;
				LastSwiftUpdateCheck = 1620;
				LastUpgradeCheck = 1620;
				TargetAttributes = {
					CB7E26842D7469C0007D642B = {
						CreatedOnToolsVersion = 16.2;
					};
					CB7E26942D7469C1007D642B = {
						CreatedOnToolsVersion = 16.2;
						TestTargetID = CB7E26842D7469C0007D642B;
					};
					CB7E269E2D7469C1007D642B = {
						CreatedOnToolsVersion = 16.2;
						TestTargetID = CB7E26842D7469C0007D642B;
					};
				};
			};
			buildConfigurationList = CB7E26802D7469C0007D642B /* Build configuration list for PBXProject "Alamo" */;
			developmentRegion = en;
			hasScannedForEncodings = 0;
			knownRegions = (
				en,
				Base,
			);
			mainGroup = CB7E267C2D7469C0007D642B;
			minimizedProjectReferenceProxies = 1;
			packageReferences = (
				CB7E26B22D7469E1007D642B /* XCRemoteSwiftPackageReference "Alamofire" */,
			);
			preferredProjectObjectVersion = 77;
			productRefGroup = CB7E26862D7469C0007D642B /* Products */;
			projectDirPath = "";
			projectRoot = "";
			targets = (
				CB7E26842D7469C0007D642B /* Alamo */,
				CB7E26942D7469C1007D642B /* AlamoTests */,
				CB7E269E2D7469C1007D642B /* AlamoUITests */,
			);
		};
/* End PBXProject section */

/* Begin PBXResourcesBuildPhase section */
		CB7E26832D7469C0007D642B /* Resources */ = {
			isa = PBXResourcesBuildPhase;
			buildActionMask = 2147483647;
			files = (
			);
			runOnlyForDeploymentPostprocessing = 0;
		};
		CB7E26932D7469C1007D642B /* Resources */ = {
			isa = PBXResourcesBuildPhase;
			buildActionMask = 2147483647;
			files = (
			);
			runOnlyForDeploymentPostprocessing = 0;
		};
		CB7E269D2D7469C1007D642B /* Resources */ = {
			isa = PBXResourcesBuildPhase;
			buildActionMask = 2147483647;
			files = (
			);
			runOnlyForDeploymentPostprocessing = 0;
		};
/* End PBXResourcesBuildPhase section */

/* Begin PBXSourcesBuildPhase section */
		CB7E26812D7469C0007D642B /* Sources */ = {
			isa = PBXSourcesBuildPhase;
			buildActionMask = 2147483647;
			files = (
			);
			runOnlyForDeploymentPostprocessing = 0;
		};
		CB7E26912D7469C1007D642B /* Sources */ = {
			isa = PBXSourcesBuildPhase;
			buildActionMask = 2147483647;
			files = (
			);
			runOnlyForDeploymentPostprocessing = 0;
		};
		CB7E269B2D7469C1007D642B /* Sources */ = {
			isa = PBXSourcesBuildPhase;
			buildActionMask = 2147483647;
			files = (
			);
			runOnlyForDeploymentPostprocessing = 0;
		};
/* End PBXSourcesBuildPhase section */

/* Begin PBXTargetDependency section */
		CB7E26972D7469C1007D642B /* PBXTargetDependency */ = {
			isa = PBXTargetDependency;
			target = CB7E26842D7469C0007D642B /* Alamo */;
			targetProxy = CB7E26962D7469C1007D642B /* PBXContainerItemProxy */;
		};
		CB7E26A12D7469C1007D642B /* PBXTargetDependency */ = {
			isa = PBXTargetDependency;
			target = CB7E26842D7469C0007D642B /* Alamo */;
			targetProxy = CB7E26A02D7469C1007D642B /* PBXContainerItemProxy */;
		};
/* End PBXTargetDependency section */

/* Begin XCBuildConfiguration section */
		CB7E26A72D7469C1007D642B /* Debug */ = {
			isa = XCBuildConfiguration;
			buildSettings = {
				ALWAYS_SEARCH_USER_PATHS = NO;
				ASSETCATALOG_COMPILER_GENERATE_SWIFT_ASSET_SYMBOL_EXTENSIONS = YES;
				CLANG_ANALYZER_NONNULL = YES;
				CLANG_ANALYZER_NUMBER_OBJECT_CONVERSION = YES_AGGRESSIVE;
				CLANG_CXX_LANGUAGE_STANDARD = "gnu++20";
				CLANG_ENABLE_MODULES = YES;
				CLANG_ENABLE_OBJC_ARC = YES;
				CLANG_ENABLE_OBJC_WEAK = YES;
				CLANG_WARN_BLOCK_CAPTURE_AUTORELEASING = YES;
				CLANG_WARN_BOOL_CONVERSION = YES;
				CLANG_WARN_COMMA = YES;
				CLANG_WARN_CONSTANT_CONVERSION = YES;
				CLANG_WARN_DEPRECATED_OBJC_IMPLEMENTATIONS = YES;
				CLANG_WARN_DIRECT_OBJC_ISA_USAGE = YES_ERROR;
				CLANG_WARN_DOCUMENTATION_COMMENTS = YES;
				CLANG_WARN_EMPTY_BODY = YES;
				CLANG_WARN_ENUM_CONVERSION = YES;
				CLANG_WARN_INFINITE_RECURSION = YES;
				CLANG_WARN_INT_CONVERSION = YES;
				CLANG_WARN_NON_LITERAL_NULL_CONVERSION = YES;
				CLANG_WARN_OBJC_IMPLICIT_RETAIN_SELF = YES;
				CLANG_WARN_OBJC_LITERAL_CONVERSION = YES;
				CLANG_WARN_OBJC_ROOT_CLASS = YES_ERROR;
				CLANG_WARN_QUOTED_INCLUDE_IN_FRAMEWORK_HEADER = YES;
				CLANG_WARN_RANGE_LOOP_ANALYSIS = YES;
				CLANG_WARN_STRICT_PROTOTYPES = YES;
				CLANG_WARN_SUSPICIOUS_MOVE = YES;
				CLANG_WARN_UNGUARDED_AVAILABILITY = YES_AGGRESSIVE;
				CLANG_WARN_UNREACHABLE_CODE = YES;
				CLANG_WARN__DUPLICATE_METHOD_MATCH = YES;
				COPY_PHASE_STRIP = NO;
				DEBUG_INFORMATION_FORMAT = dwarf;
				ENABLE_STRICT_OBJC_MSGSEND = YES;
				ENABLE_TESTABILITY = YES;
				ENABLE_USER_SCRIPT_SANDBOXING = YES;
				GCC_C_LANGUAGE_STANDARD = gnu17;
				GCC_DYNAMIC_NO_PIC = NO;
				GCC_NO_COMMON_BLOCKS = YES;
				GCC_OPTIMIZATION_LEVEL = 0;
				GCC_PREPROCESSOR_DEFINITIONS = (
					"DEBUG=1",
					"$(inherited)",
				);
				GCC_WARN_64_TO_32_BIT_CONVERSION = YES;
				GCC_WARN_ABOUT_RETURN_TYPE = YES_ERROR;
				GCC_WARN_UNDECLARED_SELECTOR = YES;
				GCC_WARN_UNINITIALIZED_AUTOS = YES_AGGRESSIVE;
				GCC_WARN_UNUSED_FUNCTION = YES;
				GCC_WARN_UNUSED_VARIABLE = YES;
				IPHONEOS_DEPLOYMENT_TARGET = 18.2;
				LOCALIZATION_PREFERS_STRING_CATALOGS = YES;
				MTL_ENABLE_DEBUG_INFO = INCLUDE_SOURCE;
				MTL_FAST_MATH = YES;
				ONLY_ACTIVE_ARCH = YES;
				SDKROOT = iphoneos;
				SWIFT_ACTIVE_COMPILATION_CONDITIONS = "DEBUG $(inherited)";
				SWIFT_OPTIMIZATION_LEVEL = "-Onone";
			};
			name = Debug;
		};
		CB7E26A82D7469C1007D642B /* Release */ = {
			isa = XCBuildConfiguration;
			buildSettings = {
				ALWAYS_SEARCH_USER_PATHS = NO;
				ASSETCATALOG_COMPILER_GENERATE_SWIFT_ASSET_SYMBOL_EXTENSIONS = YES;
				CLANG_ANALYZER_NONNULL = YES;
				CLANG_ANALYZER_NUMBER_OBJECT_CONVERSION = YES_AGGRESSIVE;
				CLANG_CXX_LANGUAGE_STANDARD = "gnu++20";
				CLANG_ENABLE_MODULES = YES;
				CLANG_ENABLE_OBJC_ARC = YES;
				CLANG_ENABLE_OBJC_WEAK = YES;
				CLANG_WARN_BLOCK_CAPTURE_AUTORELEASING = YES;
				CLANG_WARN_BOOL_CONVERSION = YES;
				CLANG_WARN_COMMA = YES;
				CLANG_WARN_CONSTANT_CONVERSION = YES;
				CLANG_WARN_DEPRECATED_OBJC_IMPLEMENTATIONS = YES;
				CLANG_WARN_DIRECT_OBJC_ISA_USAGE = YES_ERROR;
				CLANG_WARN_DOCUMENTATION_COMMENTS = YES;
				CLANG_WARN_EMPTY_BODY = YES;
				CLANG_WARN_ENUM_CONVERSION = YES;
				CLANG_WARN_INFINITE_RECURSION = YES;
				CLANG_WARN_INT_CONVERSION = YES;
				CLANG_WARN_NON_LITERAL_NULL_CONVERSION = YES;
				CLANG_WARN_OBJC_IMPLICIT_RETAIN_SELF = YES;
				CLANG_WARN_OBJC_LITERAL_CONVERSION = YES;
				CLANG_WARN_OBJC_ROOT_CLASS = YES_ERROR;
				CLANG_WARN_QUOTED_INCLUDE_IN_FRAMEWORK_HEADER = YES;
				CLANG_WARN_RANGE_LOOP_ANALYSIS = YES;
				CLANG_WARN_STRICT_PROTOTYPES = YES;
				CLANG_WARN_SUSPICIOUS_MOVE = YES;
				CLANG_WARN_UNGUARDED_AVAILABILITY = YES_AGGRESSIVE;
				CLANG_WARN_UNREACHABLE_CODE = YES;
				CLANG_WARN__DUPLICATE_METHOD_MATCH = YES;
				COPY_PHASE_STRIP = NO;
				DEBUG_INFORMATION_FORMAT = "dwarf-with-dsym";
				ENABLE_NS_ASSERTIONS = NO;
				ENABLE_STRICT_OBJC_MSGSEND = YES;
				ENABLE_USER_SCRIPT_SANDBOXING = YES;
				GCC_C_LANGUAGE_STANDARD = gnu17;
				GCC_NO_COMMON_BLOCKS = YES;
				GCC_WARN_64_TO_32_BIT_CONVERSION = YES;
				GCC_WARN_ABOUT_RETURN_TYPE = YES_ERROR;
				GCC_WARN_UNDECLARED_SELECTOR = YES;
				GCC_WARN_UNINITIALIZED_AUTOS = YES_AGGRESSIVE;
				GCC_WARN_UNUSED_FUNCTION = YES;
				GCC_WARN_UNUSED_VARIABLE = YES;
				IPHONEOS_DEPLOYMENT_TARGET = 18.2;
				LOCALIZATION_PREFERS_STRING_CATALOGS = YES;
				MTL_ENABLE_DEBUG_INFO = NO;
				MTL_FAST_MATH = YES;
				SDKROOT = iphoneos;
				SWIFT_COMPILATION_MODE = wholemodule;
				VALIDATE_PRODUCT = YES;
			};
			name = Release;
		};
		CB7E26AA2D7469C1007D642B /* Debug */ = {
			isa = XCBuildConfiguration;
			buildSettings = {
				ASSETCATALOG_COMPILER_APPICON_NAME = AppIcon;
				ASSETCATALOG_COMPILER_GLOBAL_ACCENT_COLOR_NAME = AccentColor;
				CODE_SIGN_STYLE = Automatic;
				CURRENT_PROJECT_VERSION = 1;
				DEVELOPMENT_ASSET_PATHS = "\"Alamo/Preview Content\"";
				DEVELOPMENT_TEAM = KCACRD7592;
				ENABLE_PREVIEWS = YES;
				GENERATE_INFOPLIST_FILE = YES;
				INFOPLIST_FILE = Alamo/Info.plist;
				INFOPLIST_KEY_UIApplicationSceneManifest_Generation = YES;
				INFOPLIST_KEY_UIApplicationSupportsIndirectInputEvents = YES;
				INFOPLIST_KEY_UILaunchScreen_Generation = YES;
				INFOPLIST_KEY_UISupportedInterfaceOrientations_iPad = "UIInterfaceOrientationPortrait UIInterfaceOrientationPortraitUpsideDown UIInterfaceOrientationLandscapeLeft UIInterfaceOrientationLandscapeRight";
				INFOPLIST_KEY_UISupportedInterfaceOrientations_iPhone = "UIInterfaceOrientationPortrait UIInterfaceOrientationLandscapeLeft UIInterfaceOrientationLandscapeRight";
				LD_RUNPATH_SEARCH_PATHS = (
					"$(inherited)",
					"@executable_path/Frameworks",
				);
				MARKETING_VERSION = 1.0;
				PRODUCT_BUNDLE_IDENTIFIER = com.hiroakit.example.ios.Alamo;
				PRODUCT_NAME = "$(TARGET_NAME)";
				SWIFT_EMIT_LOC_STRINGS = YES;
				SWIFT_VERSION = 5.0;
				TARGETED_DEVICE_FAMILY = "1,2";
			};
			name = Debug;
		};
		CB7E26AB2D7469C1007D642B /* Release */ = {
			isa = XCBuildConfiguration;
			buildSettings = {
				ASSETCATALOG_COMPILER_APPICON_NAME = AppIcon;
				ASSETCATALOG_COMPILER_GLOBAL_ACCENT_COLOR_NAME = AccentColor;
				CODE_SIGN_STYLE = Automatic;
				CURRENT_PROJECT_VERSION = 1;
				DEVELOPMENT_ASSET_PATHS = "\"Alamo/Preview Content\"";
				DEVELOPMENT_TEAM = KCACRD7592;
				ENABLE_PREVIEWS = YES;
				GENERATE_INFOPLIST_FILE = YES;
				INFOPLIST_FILE = Alamo/Info.plist;
				INFOPLIST_KEY_UIApplicationSceneManifest_Generation = YES;
				INFOPLIST_KEY_UIApplicationSupportsIndirectInputEvents = YES;
				INFOPLIST_KEY_UILaunchScreen_Generation = YES;
				INFOPLIST_KEY_UISupportedInterfaceOrientations_iPad = "UIInterfaceOrientationPortrait UIInterfaceOrientationPortraitUpsideDown UIInterfaceOrientationLandscapeLeft UIInterfaceOrientationLandscapeRight";
				INFOPLIST_KEY_UISupportedInterfaceOrientations_iPhone = "UIInterfaceOrientationPortrait UIInterfaceOrientationLandscapeLeft UIInterfaceOrientationLandscapeRight";
				LD_RUNPATH_SEARCH_PATHS = (
					"$(inherited)",
					"@executable_path/Frameworks",
				);
				MARKETING_VERSION = 1.0;
				PRODUCT_BUNDLE_IDENTIFIER = com.hiroakit.example.ios.Alamo;
				PRODUCT_NAME = "$(TARGET_NAME)";
				SWIFT_EMIT_LOC_STRINGS = YES;
				SWIFT_VERSION = 5.0;
				TARGETED_DEVICE_FAMILY = "1,2";
			};
			name = Release;
		};
		CB7E26AD2D7469C1007D642B /* Debug */ = {
			isa = XCBuildConfiguration;
			buildSettings = {
				BUNDLE_LOADER = "$(TEST_HOST)";
				CODE_SIGN_STYLE = Automatic;
				CURRENT_PROJECT_VERSION = 1;
				DEVELOPMENT_TEAM = KCACRD7592;
				GENERATE_INFOPLIST_FILE = YES;
				IPHONEOS_DEPLOYMENT_TARGET = 18.2;
				MARKETING_VERSION = 1.0;
				PRODUCT_BUNDLE_IDENTIFIER = com.hiroakit.example.ios.AlamoTests;
				PRODUCT_NAME = "$(TARGET_NAME)";
				SWIFT_EMIT_LOC_STRINGS = NO;
				SWIFT_VERSION = 5.0;
				TARGETED_DEVICE_FAMILY = "1,2";
				TEST_HOST = "$(BUILT_PRODUCTS_DIR)/Alamo.app/$(BUNDLE_EXECUTABLE_FOLDER_PATH)/Alamo";
			};
			name = Debug;
		};
		CB7E26AE2D7469C1007D642B /* Release */ = {
			isa = XCBuildConfiguration;
			buildSettings = {
				BUNDLE_LOADER = "$(TEST_HOST)";
				CODE_SIGN_STYLE = Automatic;
				CURRENT_PROJECT_VERSION = 1;
				DEVELOPMENT_TEAM = KCACRD7592;
				GENERATE_INFOPLIST_FILE = YES;
				IPHONEOS_DEPLOYMENT_TARGET = 18.2;
				MARKETING_VERSION = 1.0;
				PRODUCT_BUNDLE_IDENTIFIER = com.hiroakit.example.ios.AlamoTests;
				PRODUCT_NAME = "$(TARGET_NAME)";
				SWIFT_EMIT_LOC_STRINGS = NO;
				SWIFT_VERSION = 5.0;
				TARGETED_DEVICE_FAMILY = "1,2";
				TEST_HOST = "$(BUILT_PRODUCTS_DIR)/Alamo.app/$(BUNDLE_EXECUTABLE_FOLDER_PATH)/Alamo";
			};
			name = Release;
		};
		CB7E26B02D7469C1007D642B /* Debug */ = {
			isa = XCBuildConfiguration;
			buildSettings = {
				CODE_SIGN_STYLE = Automatic;
				CURRENT_PROJECT_VERSION = 1;
				DEVELOPMENT_TEAM = KCACRD7592;
				GENERATE_INFOPLIST_FILE = YES;
				MARKETING_VERSION = 1.0;
				PRODUCT_BUNDLE_IDENTIFIER = com.hiroakit.example.ios.AlamoUITests;
				PRODUCT_NAME = "$(TARGET_NAME)";
				SWIFT_EMIT_LOC_STRINGS = NO;
				SWIFT_VERSION = 5.0;
				TARGETED_DEVICE_FAMILY = "1,2";
				TEST_TARGET_NAME = Alamo;
			};
			name = Debug;
		};
		CB7E26B12D7469C1007D642B /* Release */ = {
			isa = XCBuildConfiguration;
			buildSettings = {
				CODE_SIGN_STYLE = Automatic;
				CURRENT_PROJECT_VERSION = 1;
				DEVELOPMENT_TEAM = KCACRD7592;
				GENERATE_INFOPLIST_FILE = YES;
				MARKETING_VERSION = 1.0;
				PRODUCT_BUNDLE_IDENTIFIER = com.hiroakit.example.ios.AlamoUITests;
				PRODUCT_NAME = "$(TARGET_NAME)";
				SWIFT_EMIT_LOC_STRINGS = NO;
				SWIFT_VERSION = 5.0;
				TARGETED_DEVICE_FAMILY = "1,2";
				TEST_TARGET_NAME = Alamo;
			};
			name = Release;
		};
/* End XCBuildConfiguration section */

/* Begin XCConfigurationList section */
		CB7E26802D7469C0007D642B /* Build configuration list for PBXProject "Alamo" */ = {
			isa = XCConfigurationList;
			buildConfigurations = (
				CB7E26A72D7469C1007D642B /* Debug */,
				CB7E26A82D7469C1007D642B /* Release */,
			);
			defaultConfigurationIsVisible = 0;
			defaultConfigurationName = Release;
		};
		CB7E26A92D7469C1007D642B /* Build configuration list for PBXNativeTarget "Alamo" */ = {
			isa = XCConfigurationList;
			buildConfigurations = (
				CB7E26AA2D7469C1007D642B /* Debug */,
				CB7E26AB2D7469C1007D642B /* Release */,
			);
			defaultConfigurationIsVisible = 0;
			defaultConfigurationName = Release;
		};
		CB7E26AC2D7469C1007D642B /* Build configuration list for PBXNativeTarget "AlamoTests" */ = {
			isa = XCConfigurationList;
			buildConfigurations = (
				CB7E26AD2D7469C1007D642B /* Debug */,
				CB7E26AE2D7469C1007D642B /* Release */,
			);
			defaultConfigurationIsVisible = 0;
			defaultConfigurationName = Release;
		};
		CB7E26AF2D7469C1007D642B /* Build configuration list for PBXNativeTarget "AlamoUITests" */ = {
			isa = XCConfigurationList;
			buildConfigurations = (
				CB7E26B02D7469C1007D642B /* Debug */,
				CB7E26B12D7469C1007D642B /* Release */,
			);
			defaultConfigurationIsVisible = 0;
			defaultConfigurationName = Release;
		};
/* End XCConfigurationList section */

/* Begin XCRemoteSwiftPackageReference section */
		CB7E26B22D7469E1007D642B /* XCRemoteSwiftPackageReference "Alamofire" */ = {
			isa = XCRemoteSwiftPackageReference;
			repositoryURL = "https://github.com/Alamofire/Alamofire.git";
			requirement = {
				kind = exactVersion;
				version = 5.10.2;
			};
		};
/* End XCRemoteSwiftPackageReference section */

/* Begin XCSwiftPackageProductDependency section */
		CB7E26B32D7469E1007D642B /* Alamofire */ = {
			isa = XCSwiftPackageProductDependency;
			package = CB7E26B22D7469E1007D642B /* XCRemoteSwiftPackageReference "Alamofire" */;
			productName = Alamofire;
		};
/* End XCSwiftPackageProductDependency section */
	};
	rootObject = CB7E267D2D7469C0007D642B /* Project object */;
}
