{
  "originHash" : "b56e7063ff11691153101bc1af8928a746f02cba644b453d909ab1f371cb1853",
  "pins" : [
    {
      "identity" : "grdb.swift",
      "kind" : "remoteSourceControl",
      "location" : "https://github.com/groue/GRDB.swift",
      "state" : {
        "revision" : "a5a1be26b4513dc7ec360eb56bc08a345bac6649",
        "version" : "7.5.0"
      }
    },
    {
      "identity" : "realm-core",
      "kind" : "remoteSourceControl",
      "location" : "https://github.com/realm/realm-core.git",
      "state" : {
        "revision" : "15493076ad9fef22c16cc64cbfbf9e5b65c385f9",
        "version" : "20.1.0"
      }
    },
    {
      "identity" : "realm-swift",
      "kind" : "remoteSourceControl",
      "location" : "https://github.com/realm/realm-swift",
      "state" : {
        "revision" : "6260534683132eb981338c7c39fd5e69205876e6",
        "version" : "20.0.3"
      }
    }
  ],
  "version" : 3
}
